<?xml version="1.0" encoding="utf-8"?>
<Project ToolsVersion="4.0" xmlns="http://schemas.microsoft.com/developer/msbuild/2003">
  <ItemGroup>
    <Filter Include="Source Files">
      <UniqueIdentifier>{4FC737F1-C7A5-4376-A066-2A32D752A2FF}</UniqueIdentifier>
      <Extensions>cpp;c;cc;cxx;c++;cppm;ixx;def;odl;idl;hpj;bat;asm;asmx</Extensions>
    </Filter>
    <Filter Include="Header Files">
      <UniqueIdentifier>{93995380-89BD-4b04-88EB-625FBE52EBFB}</UniqueIdentifier>
      <Extensions>h;hh;hpp;hxx;h++;hm;inl;inc;ipp;xsd</Extensions>
    </Filter>
    <Filter Include="Resource Files">
      <UniqueIdentifier>{67DA6AB6-F800-4c08-8B7A-83BB121AAD01}</UniqueIdentifier>
      <Extensions>rc;ico;cur;bmp;dlg;rc2;rct;bin;rgs;gif;jpg;jpeg;jpe;resx;tiff;tif;png;wav;mfcribbon-ms</Extensions>
    </Filter>
    <Filter Include="Source Files\Libs">
      <UniqueIdentifier>{07156e3c-d442-471a-ac2d-fedc1230f842}</UniqueIdentifier>
    </Filter>
    <Filter Include="Source Files\Libs\NARay">
      <UniqueIdentifier>{5800720a-3558-4590-a53d-5dd90efa8fc8}</UniqueIdentifier>
    </Filter>
    <Filter Include="Source Files\Libs\NARay\SpriteAnimator">
      <UniqueIdentifier>{24c96496-5f2b-4bae-b2a0-fc1cbc4e1245}</UniqueIdentifier>
    </Filter>
    <Filter Include="Source Files\Libs\NARay\StateMachine">
      <UniqueIdentifier>{b6e4daf8-5974-42fd-a648-a28bbb4dd2a9}</UniqueIdentifier>
    </Filter>
    <Filter Include="Source Files\Libs\NARay\SGui">
      <UniqueIdentifier>{dcd39b04-865a-429d-840e-b3df79295304}</UniqueIdentifier>
    </Filter>
    <Filter Include="Resource Files\forest">
      <UniqueIdentifier>{17b94908-9179-4fb8-bedd-bfc9ed4a75a6}</UniqueIdentifier>
    </Filter>
    <Filter Include="Source Files\Libs\NARay\GfxPipeline">
      <UniqueIdentifier>{6f37a335-374c-427d-b5d5-a886327a5c21}</UniqueIdentifier>
    </Filter>
  </ItemGroup>
  <ItemGroup>
    <ClCompile Include="NARay.cpp">
      <Filter>Source Files</Filter>
    </ClCompile>
    <ClCompile Include="libs\NARay\SpriteAnimator\SpriteAnimator.GridSpriteSheet.ixx">
      <Filter>Source Files\Libs\NARay\SpriteAnimator</Filter>
    </ClCompile>
    <ClCompile Include="libs\NARay\SpriteAnimator\SpriteAnimator.ixx">
      <Filter>Source Files\Libs\NARay\SpriteAnimator</Filter>
    </ClCompile>
    <ClCompile Include="libs\NARay\SpriteAnimator\SpriteAnimator.Sprite.ixx">
      <Filter>Source Files\Libs\NARay\SpriteAnimator</Filter>
    </ClCompile>
    <ClCompile Include="libs\NARay\SpriteAnimator\SpriteAnimator.SpriteSheet.ixx">
      <Filter>Source Files\Libs\NARay\SpriteAnimator</Filter>
    </ClCompile>
    <ClCompile Include="libs\NARay\StateMachine\StateMachine.ixx">
      <Filter>Source Files\Libs\NARay\StateMachine</Filter>
    </ClCompile>
    <ClCompile Include="libs\NARay\SGui\SGui.ixx">
      <Filter>Source Files\Libs\NARay\SGui</Filter>
    </ClCompile>
    <ClCompile Include="libs\NARay\GfxPipeline\GfxPipeline.ixx">
      <Filter>Source Files\Libs\NARay\GfxPipeline</Filter>
    </ClCompile>
  </ItemGroup>
  <ItemGroup>
    <Image Include="resources\ninja.png">
      <Filter>Resource Files</Filter>
    </Image>
    <Image Include="resources\nineslice.png">
      <Filter>Resource Files</Filter>
    </Image>
    <Image Include="resources\forest\Layer_0000_9.png">
      <Filter>Resource Files\forest</Filter>
    </Image>
    <Image Include="resources\forest\Layer_0001_8.png">
      <Filter>Resource Files\forest</Filter>
    </Image>
    <Image Include="resources\forest\Layer_0002_7.png">
      <Filter>Resource Files\forest</Filter>
    </Image>
    <Image Include="resources\forest\Layer_0003_6.png">
      <Filter>Resource Files\forest</Filter>
    </Image>
    <Image Include="resources\forest\Layer_0004_Lights.png">
      <Filter>Resource Files\forest</Filter>
    </Image>
    <Image Include="resources\forest\Layer_0005_5.png">
      <Filter>Resource Files\forest</Filter>
    </Image>
    <Image Include="resources\forest\Layer_0006_4.png">
      <Filter>Resource Files\forest</Filter>
    </Image>
    <Image Include="resources\forest\Layer_0007_Lights.png">
      <Filter>Resource Files\forest</Filter>
    </Image>
    <Image Include="resources\forest\Layer_0008_3.png">
      <Filter>Resource Files\forest</Filter>
    </Image>
    <Image Include="resources\forest\Layer_0009_2.png">
      <Filter>Resource Files\forest</Filter>
    </Image>
    <Image Include="resources\forest\Layer_0010_1.png">
      <Filter>Resource Files\forest</Filter>
    </Image>
    <Image Include="resources\forest\Layer_0011_0.png">
      <Filter>Resource Files\forest</Filter>
    </Image>
  </ItemGroup>
  <ItemGroup>
    <None Include="README.md">
      <Filter>Source Files</Filter>
    </None>
  </ItemGroup>
</Project>